
Microsoft Visual Studio Solution File, Format Version 12.00
# Visual Studio Version 16
VisualStudioVersion = 16.0.31123.39
MinimumVisualStudioVersion = 10.0.40219.1
Project("{FAE04EC0-301F-11D3-BF4B-00C04F79EFBC}") = "Bouvet.Developer.Survey.Api", "Bouvet.Developer.Survey.Api\Bouvet.Developer.Survey.Api.csproj", "{973EE37B-CC57-4877-B68B-197CD0C82FD9}"
EndProject
Project("{2150E333-8FDC-42A3-9474-1A3956D46DE8}") = "Solution Items", "Solution Items", "{3AB36B38-FE28-4383-A1EB-A9C943CBCF2D}"
	ProjectSection(SolutionItems) = preProject
		.gitignore = .gitignore
		.gitlab-ci.yml = .gitlab-ci.yml
		README.md = README.md
	EndProjectSection
EndProject
Project("{FAE04EC0-301F-11D3-BF4B-00C04F79EFBC}") = "Bouvet.Developer.Survey.Domain", "Bouvet.Developer.Survey.Domain\Bouvet.Developer.Survey.Domain.csproj", "{E1E75F8D-3A85-40B3-8E62-7FF3E0F4CDAF}"
EndProject
Project("{FAE04EC0-301F-11D3-BF4B-00C04F79EFBC}") = "Bouvet.Developer.Survey.Service", "Bouvet.Developer.Survey.Service\Bouvet.Developer.Survey.Service.csproj", "{86F92406-11AE-48FD-9AB7-2F1ECC400F3A}"
EndProject
Project("{FAE04EC0-301F-11D3-BF4B-00C04F79EFBC}") = "Bouvet.Developer.Survey.Infrastructure", "Bouvet.Developer.Survey.Infrastructure\Bouvet.Developer.Survey.Infrastructure.csproj", "{F7C28355-A90A-4CDA-8CE5-4FFEA7484401}"
EndProject
Project("{FAE04EC0-301F-11D3-BF4B-00C04F79EFBC}") = "Bouvet.Developer.Survey.Tests", "Bouvet.Developer.Survey.Tests\Bouvet.Developer.Survey.Tests.csproj", "{BA3875E2-DEA5-4A53-977A-4C996B7EE327}"
EndProject
Global
	GlobalSection(SolutionConfigurationPlatforms) = preSolution
		Debug|Any CPU = Debug|Any CPU
		Release|Any CPU = Release|Any CPU
	EndGlobalSection
	GlobalSection(ProjectConfigurationPlatforms) = postSolution
		{973EE37B-CC57-4877-B68B-197CD0C82FD9}.Debug|Any CPU.ActiveCfg = Debug|Any CPU
		{973EE37B-CC57-4877-B68B-197CD0C82FD9}.Debug|Any CPU.Build.0 = Debug|Any CPU
		{973EE37B-CC57-4877-B68B-197CD0C82FD9}.Release|Any CPU.ActiveCfg = Release|Any CPU
		{973EE37B-CC57-4877-B68B-197CD0C82FD9}.Release|Any CPU.Build.0 = Release|Any CPU
		{E1E75F8D-3A85-40B3-8E62-7FF3E0F4CDAF}.Debug|Any CPU.ActiveCfg = Debug|Any CPU
		{E1E75F8D-3A85-40B3-8E62-7FF3E0F4CDAF}.Debug|Any CPU.Build.0 = Debug|Any CPU
		{E1E75F8D-3A85-40B3-8E62-7FF3E0F4CDAF}.Release|Any CPU.ActiveCfg = Release|Any CPU
		{E1E75F8D-3A85-40B3-8E62-7FF3E0F4CDAF}.Release|Any CPU.Build.0 = Release|Any CPU
		{86F92406-11AE-48FD-9AB7-2F1ECC400F3A}.Debug|Any CPU.ActiveCfg = Debug|Any CPU
		{86F92406-11AE-48FD-9AB7-2F1ECC400F3A}.Debug|Any CPU.Build.0 = Debug|Any CPU
		{86F92406-11AE-48FD-9AB7-2F1ECC400F3A}.Release|Any CPU.ActiveCfg = Release|Any CPU
		{86F92406-11AE-48FD-9AB7-2F1ECC400F3A}.Release|Any CPU.Build.0 = Release|Any CPU
		{F7C28355-A90A-4CDA-8CE5-4FFEA7484401}.Debug|Any CPU.ActiveCfg = Debug|Any CPU
		{F7C28355-A90A-4CDA-8CE5-4FFEA7484401}.Debug|Any CPU.Build.0 = Debug|Any CPU
		{F7C28355-A90A-4CDA-8CE5-4FFEA7484401}.Release|Any CPU.ActiveCfg = Release|Any CPU
		{F7C28355-A90A-4CDA-8CE5-4FFEA7484401}.Release|Any CPU.Build.0 = Release|Any CPU
		{BA3875E2-DEA5-4A53-977A-4C996B7EE327}.Debug|Any CPU.ActiveCfg = Debug|Any CPU
		{BA3875E2-DEA5-4A53-977A-4C996B7EE327}.Debug|Any CPU.Build.0 = Debug|Any CPU
		{BA3875E2-DEA5-4A53-977A-4C996B7EE327}.Release|Any CPU.ActiveCfg = Release|Any CPU
		{BA3875E2-DEA5-4A53-977A-4C996B7EE327}.Release|Any CPU.Build.0 = Release|Any CPU
	EndGlobalSection
	GlobalSection(SolutionProperties) = preSolution
		HideSolutionNode = FALSE
	EndGlobalSection
	GlobalSection(ExtensibilityGlobals) = postSolution
		SolutionGuid = {5DE71351-DC3F-4E17-8AE3-443815BF1289}
	EndGlobalSection
EndGlobal
